// !$*UTF8*$!
{
	archiveVersion = 1;
	classes = {
	};
	objectVersion = 46;
	objects = {

/* Begin PBXBuildFile section */
		4B3C4CC8F91BD4DCFFFCC9A3 /* libPods.a in Frameworks */ = {isa = PBXBuildFile; fileRef = D1F490CC914904910FC2BA65 /* libPods.a */; };
		95074A081AEEDF3500D9CF30 /* PageContentViewController.m in Sources */ = {isa = PBXBuildFile; fileRef = 95074A071AEEDF3500D9CF30 /* PageContentViewController.m */; };
		952040971AF26D09003374E5 /* LaunchScreen.xib in Resources */ = {isa = PBXBuildFile; fileRef = 952040961AF26D09003374E5 /* LaunchScreen.xib */; };
		9548C9A51A9EE1E800261CAC /* AssetsLibrary.framework in Frameworks */ = {isa = PBXBuildFile; fileRef = 9548C9A41A9EE1E800261CAC /* AssetsLibrary.framework */; };
		9548C9A71A9EE1F000261CAC /* AVFoundation.framework in Frameworks */ = {isa = PBXBuildFile; fileRef = 9548C9A61A9EE1F000261CAC /* AVFoundation.framework */; };
		9548C9A91A9EE1F700261CAC /* CoreMedia.framework in Frameworks */ = {isa = PBXBuildFile; fileRef = 9548C9A81A9EE1F700261CAC /* CoreMedia.framework */; };
		9548C9AB1A9EE20B00261CAC /* MediaPlayer.framework in Frameworks */ = {isa = PBXBuildFile; fileRef = 9548C9AA1A9EE20B00261CAC /* MediaPlayer.framework */; };
		9548C9AD1A9EE21600261CAC /* MobileCoreServices.framework in Frameworks */ = {isa = PBXBuildFile; fileRef = 9548C9AC1A9EE21600261CAC /* MobileCoreServices.framework */; };
		9548C9AF1A9EE22200261CAC /* QuartzCore.framework in Frameworks */ = {isa = PBXBuildFile; fileRef = 9548C9AE1A9EE22200261CAC /* QuartzCore.framework */; };
		957296B21A96482F00E8F3D4 /* leftVC.m in Sources */ = {isa = PBXBuildFile; fileRef = 957296B11A96482F00E8F3D4 /* leftVC.m */; };
		957296B81A9695E200E8F3D4 /* CustomTableViewCell.m in Sources */ = {isa = PBXBuildFile; fileRef = 957296B71A9695E200E8F3D4 /* CustomTableViewCell.m */; };
		959A276C1A9EECE40084F6F1 /* AVCamPreviewView.m in Sources */ = {isa = PBXBuildFile; fileRef = 959A276B1A9EECE40084F6F1 /* AVCamPreviewView.m */; };
		95AE73A21ACB3A9E007FA382 /* sample1.jpg in Resources */ = {isa = PBXBuildFile; fileRef = 95AE73A11ACB3A9E007FA382 /* sample1.jpg */; };
		95DA939B1A8F219200E006AD /* main.m in Sources */ = {isa = PBXBuildFile; fileRef = 95DA939A1A8F219200E006AD /* main.m */; };
		95DA939E1A8F219200E006AD /* AppDelegate.m in Sources */ = {isa = PBXBuildFile; fileRef = 95DA939D1A8F219200E006AD /* AppDelegate.m */; };
		95DA93A11A8F219200E006AD /* MTG_Recognizer.xcdatamodeld in Sources */ = {isa = PBXBuildFile; fileRef = 95DA939F1A8F219200E006AD /* MTG_Recognizer.xcdatamodeld */; };
		95DA93A41A8F219200E006AD /* ViewController.m in Sources */ = {isa = PBXBuildFile; fileRef = 95DA93A31A8F219200E006AD /* ViewController.m */; };
		95DA93A71A8F219200E006AD /* Main.storyboard in Resources */ = {isa = PBXBuildFile; fileRef = 95DA93A51A8F219200E006AD /* Main.storyboard */; };
		95DA93A91A8F219200E006AD /* Images.xcassets in Resources */ = {isa = PBXBuildFile; fileRef = 95DA93A81A8F219200E006AD /* Images.xcassets */; };
		95DA93CF1A8FE45D00E006AD /* rightVC.m in Sources */ = {isa = PBXBuildFile; fileRef = 95DA93CE1A8FE45D00E006AD /* rightVC.m */; };
		95DA93D31A8FE8C200E006AD /* mainVC.m in Sources */ = {isa = PBXBuildFile; fileRef = 95DA93D21A8FE8C200E006AD /* mainVC.m */; };
		95DDAD541ACD19E10049744A /* cardDetailVC.m in Sources */ = {isa = PBXBuildFile; fileRef = 95DDAD531ACD19E10049744A /* cardDetailVC.m */; };
		95F91E2D1ACA52FE00E90BE6 /* tessdata in Resources */ = {isa = PBXBuildFile; fileRef = 95F91E2C1ACA52FE00E90BE6 /* tessdata */; };
		95F91E331ACAE2DE00E90BE6 /* CoreImage.framework in Frameworks */ = {isa = PBXBuildFile; fileRef = 95F91E321ACAE2DE00E90BE6 /* CoreImage.framework */; };
		95F91E351ACAE2F100E90BE6 /* CoreGraphics.framework in Frameworks */ = {isa = PBXBuildFile; fileRef = 95F91E341ACAE2F100E90BE6 /* CoreGraphics.framework */; };
/* End PBXBuildFile section */

/* Begin PBXFileReference section */
		01812EE5102F138C28A2B3B2 /* Pods.release.xcconfig */ = {isa = PBXFileReference; includeInIndex = 1; lastKnownFileType = text.xcconfig; name = Pods.release.xcconfig; path = "Pods/Target Support Files/Pods/Pods.release.xcconfig"; sourceTree = "<group>"; };
		6D253DCADF370F31B711AA62 /* Pods.debug.xcconfig */ = {isa = PBXFileReference; includeInIndex = 1; lastKnownFileType = text.xcconfig; name = Pods.debug.xcconfig; path = "Pods/Target Support Files/Pods/Pods.debug.xcconfig"; sourceTree = "<group>"; };
		95074A061AEEDF3500D9CF30 /* PageContentViewController.h */ = {isa = PBXFileReference; fileEncoding = 4; lastKnownFileType = sourcecode.c.h; path = PageContentViewController.h; sourceTree = "<group>"; };
		95074A071AEEDF3500D9CF30 /* PageContentViewController.m */ = {isa = PBXFileReference; fileEncoding = 4; lastKnownFileType = sourcecode.c.objc; path = PageContentViewController.m; sourceTree = "<group>"; };
		952040961AF26D09003374E5 /* LaunchScreen.xib */ = {isa = PBXFileReference; fileEncoding = 4; lastKnownFileType = file.xib; path = LaunchScreen.xib; sourceTree = "<group>"; };
		9548C9A41A9EE1E800261CAC /* AssetsLibrary.framework */ = {isa = PBXFileReference; lastKnownFileType = wrapper.framework; name = AssetsLibrary.framework; path = System/Library/Frameworks/AssetsLibrary.framework; sourceTree = SDKROOT; };
		9548C9A61A9EE1F000261CAC /* AVFoundation.framework */ = {isa = PBXFileReference; lastKnownFileType = wrapper.framework; name = AVFoundation.framework; path = System/Library/Frameworks/AVFoundation.framework; sourceTree = SDKROOT; };
		9548C9A81A9EE1F700261CAC /* CoreMedia.framework */ = {isa = PBXFileReference; lastKnownFileType = wrapper.framework; name = CoreMedia.framework; path = System/Library/Frameworks/CoreMedia.framework; sourceTree = SDKROOT; };
		9548C9AA1A9EE20B00261CAC /* MediaPlayer.framework */ = {isa = PBXFileReference; lastKnownFileType = wrapper.framework; name = MediaPlayer.framework; path = System/Library/Frameworks/MediaPlayer.framework; sourceTree = SDKROOT; };
		9548C9AC1A9EE21600261CAC /* MobileCoreServices.framework */ = {isa = PBXFileReference; lastKnownFileType = wrapper.framework; name = MobileCoreServices.framework; path = System/Library/Frameworks/MobileCoreServices.framework; sourceTree = SDKROOT; };
		9548C9AE1A9EE22200261CAC /* QuartzCore.framework */ = {isa = PBXFileReference; lastKnownFileType = wrapper.framework; name = QuartzCore.framework; path = System/Library/Frameworks/QuartzCore.framework; sourceTree = SDKROOT; };
		957296B01A96482F00E8F3D4 /* leftVC.h */ = {isa = PBXFileReference; fileEncoding = 4; lastKnownFileType = sourcecode.c.h; path = leftVC.h; sourceTree = "<group>"; };
		957296B11A96482F00E8F3D4 /* leftVC.m */ = {isa = PBXFileReference; fileEncoding = 4; lastKnownFileType = sourcecode.c.objc; path = leftVC.m; sourceTree = "<group>"; };
		957296B61A9695E200E8F3D4 /* CustomTableViewCell.h */ = {isa = PBXFileReference; fileEncoding = 4; lastKnownFileType = sourcecode.c.h; name = CustomTableViewCell.h; path = ../CustomTableViewCell.h; sourceTree = "<group>"; };
		957296B71A9695E200E8F3D4 /* CustomTableViewCell.m */ = {isa = PBXFileReference; fileEncoding = 4; lastKnownFileType = sourcecode.c.objc; name = CustomTableViewCell.m; path = ../CustomTableViewCell.m; sourceTree = "<group>"; };
		957442931ACB16FE00188AAC /* libtesseract_all.a */ = {isa = PBXFileReference; lastKnownFileType = archive.ar; name = libtesseract_all.a; path = Pods/TesseractOCRiOS/TesseractOCR/lib/libtesseract_all.a; sourceTree = "<group>"; };
		959A276A1A9EECE40084F6F1 /* AVCamPreviewView.h */ = {isa = PBXFileReference; fileEncoding = 4; lastKnownFileType = sourcecode.c.h; path = AVCamPreviewView.h; sourceTree = "<group>"; };
		959A276B1A9EECE40084F6F1 /* AVCamPreviewView.m */ = {isa = PBXFileReference; fileEncoding = 4; lastKnownFileType = sourcecode.c.objc; path = AVCamPreviewView.m; sourceTree = "<group>"; };
		95AE73A11ACB3A9E007FA382 /* sample1.jpg */ = {isa = PBXFileReference; lastKnownFileType = image.jpeg; path = sample1.jpg; sourceTree = "<group>"; };
		95DA93951A8F219200E006AD /* MTG Recognizer.app */ = {isa = PBXFileReference; explicitFileType = wrapper.application; includeInIndex = 0; path = "MTG Recognizer.app"; sourceTree = BUILT_PRODUCTS_DIR; };
		95DA93991A8F219200E006AD /* Info.plist */ = {isa = PBXFileReference; lastKnownFileType = text.plist.xml; path = Info.plist; sourceTree = "<group>"; };
		95DA939A1A8F219200E006AD /* main.m */ = {isa = PBXFileReference; lastKnownFileType = sourcecode.c.objc; path = main.m; sourceTree = "<group>"; };
		95DA939C1A8F219200E006AD /* AppDelegate.h */ = {isa = PBXFileReference; lastKnownFileType = sourcecode.c.h; path = AppDelegate.h; sourceTree = "<group>"; };
		95DA939D1A8F219200E006AD /* AppDelegate.m */ = {isa = PBXFileReference; lastKnownFileType = sourcecode.c.objc; path = AppDelegate.m; sourceTree = "<group>"; };
		95DA93A01A8F219200E006AD /* MTG_Recognizer.xcdatamodel */ = {isa = PBXFileReference; lastKnownFileType = wrapper.xcdatamodel; path = MTG_Recognizer.xcdatamodel; sourceTree = "<group>"; };
		95DA93A21A8F219200E006AD /* ViewController.h */ = {isa = PBXFileReference; lastKnownFileType = sourcecode.c.h; path = ViewController.h; sourceTree = "<group>"; };
		95DA93A31A8F219200E006AD /* ViewController.m */ = {isa = PBXFileReference; lastKnownFileType = sourcecode.c.objc; path = ViewController.m; sourceTree = "<group>"; };
		95DA93A61A8F219200E006AD /* Base */ = {isa = PBXFileReference; lastKnownFileType = file.storyboard; name = Base; path = Base.lproj/Main.storyboard; sourceTree = "<group>"; };
		95DA93A81A8F219200E006AD /* Images.xcassets */ = {isa = PBXFileReference; lastKnownFileType = folder.assetcatalog; path = Images.xcassets; sourceTree = "<group>"; };
		95DA93B61A8F219300E006AD /* Info.plist */ = {isa = PBXFileReference; lastKnownFileType = text.plist.xml; path = Info.plist; sourceTree = "<group>"; };
		95DA93B71A8F219300E006AD /* MTG_RecognizerTests.m */ = {isa = PBXFileReference; lastKnownFileType = sourcecode.c.objc; path = MTG_RecognizerTests.m; sourceTree = "<group>"; };
		95DA93CD1A8FE45D00E006AD /* rightVC.h */ = {isa = PBXFileReference; fileEncoding = 4; lastKnownFileType = sourcecode.c.h; path = rightVC.h; sourceTree = "<group>"; };
		95DA93CE1A8FE45D00E006AD /* rightVC.m */ = {isa = PBXFileReference; fileEncoding = 4; lastKnownFileType = sourcecode.c.objc; path = rightVC.m; sourceTree = "<group>"; };
		95DA93D11A8FE8C200E006AD /* mainVC.h */ = {isa = PBXFileReference; fileEncoding = 4; lastKnownFileType = sourcecode.c.h; path = mainVC.h; sourceTree = "<group>"; };
		95DA93D21A8FE8C200E006AD /* mainVC.m */ = {isa = PBXFileReference; fileEncoding = 4; lastKnownFileType = sourcecode.c.objc; path = mainVC.m; sourceTree = "<group>"; };
		95DDAD521ACD19E10049744A /* cardDetailVC.h */ = {isa = PBXFileReference; fileEncoding = 4; lastKnownFileType = sourcecode.c.h; path = cardDetailVC.h; sourceTree = "<group>"; };
		95DDAD531ACD19E10049744A /* cardDetailVC.m */ = {isa = PBXFileReference; fileEncoding = 4; lastKnownFileType = sourcecode.c.objc; path = cardDetailVC.m; sourceTree = "<group>"; };
		95F91E2C1ACA52FE00E90BE6 /* tessdata */ = {isa = PBXFileReference; lastKnownFileType = folder; name = tessdata; path = ../tessdata; sourceTree = "<group>"; };
		95F91E321ACAE2DE00E90BE6 /* CoreImage.framework */ = {isa = PBXFileReference; lastKnownFileType = wrapper.framework; name = CoreImage.framework; path = System/Library/Frameworks/CoreImage.framework; sourceTree = SDKROOT; };
		95F91E341ACAE2F100E90BE6 /* CoreGraphics.framework */ = {isa = PBXFileReference; lastKnownFileType = wrapper.framework; name = CoreGraphics.framework; path = System/Library/Frameworks/CoreGraphics.framework; sourceTree = SDKROOT; };
		D1F490CC914904910FC2BA65 /* libPods.a */ = {isa = PBXFileReference; explicitFileType = archive.ar; includeInIndex = 0; path = libPods.a; sourceTree = BUILT_PRODUCTS_DIR; };
/* End PBXFileReference section */

/* Begin PBXFrameworksBuildPhase section */
		95DA93921A8F219200E006AD /* Frameworks */ = {
			isa = PBXFrameworksBuildPhase;
			buildActionMask = 2147483647;
			files = (
				95F91E351ACAE2F100E90BE6 /* CoreGraphics.framework in Frameworks */,
				95F91E331ACAE2DE00E90BE6 /* CoreImage.framework in Frameworks */,
				9548C9AF1A9EE22200261CAC /* QuartzCore.framework in Frameworks */,
				9548C9AD1A9EE21600261CAC /* MobileCoreServices.framework in Frameworks */,
				9548C9AB1A9EE20B00261CAC /* MediaPlayer.framework in Frameworks */,
				9548C9A91A9EE1F700261CAC /* CoreMedia.framework in Frameworks */,
				9548C9A71A9EE1F000261CAC /* AVFoundation.framework in Frameworks */,
				9548C9A51A9EE1E800261CAC /* AssetsLibrary.framework in Frameworks */,
				4B3C4CC8F91BD4DCFFFCC9A3 /* libPods.a in Frameworks */,
			);
			runOnlyForDeploymentPostprocessing = 0;
		};
/* End PBXFrameworksBuildPhase section */

/* Begin PBXGroup section */
		956EAAA01ACA17CD00918500 /* Frameworks */ = {
			isa = PBXGroup;
			children = (
				957442931ACB16FE00188AAC /* libtesseract_all.a */,
				95F91E341ACAE2F100E90BE6 /* CoreGraphics.framework */,
				95F91E321ACAE2DE00E90BE6 /* CoreImage.framework */,
				9548C9AE1A9EE22200261CAC /* QuartzCore.framework */,
				9548C9AC1A9EE21600261CAC /* MobileCoreServices.framework */,
				9548C9AA1A9EE20B00261CAC /* MediaPlayer.framework */,
				9548C9A81A9EE1F700261CAC /* CoreMedia.framework */,
				9548C9A61A9EE1F000261CAC /* AVFoundation.framework */,
				9548C9A41A9EE1E800261CAC /* AssetsLibrary.framework */,
				D1F490CC914904910FC2BA65 /* libPods.a */,
			);
			name = Frameworks;
			sourceTree = "<group>";
		};
		95DA938C1A8F219200E006AD = {
			isa = PBXGroup;
			children = (
				95DA93971A8F219200E006AD /* MTG Recognizer */,
				956EAAA01ACA17CD00918500 /* Frameworks */,
				95DA93B41A8F219300E006AD /* MTG RecognizerTests */,
				95DA93961A8F219200E006AD /* Products */,
				D60C36A650B10DE5ADCCCBA1 /* Pods */,
			);
			sourceTree = "<group>";
		};
		95DA93961A8F219200E006AD /* Products */ = {
			isa = PBXGroup;
			children = (
				95DA93951A8F219200E006AD /* MTG Recognizer.app */,
			);
			name = Products;
			sourceTree = "<group>";
		};
		95DA93971A8F219200E006AD /* MTG Recognizer */ = {
			isa = PBXGroup;
			children = (
				95F91E2C1ACA52FE00E90BE6 /* tessdata */,
				95DA939C1A8F219200E006AD /* AppDelegate.h */,
				95DA939D1A8F219200E006AD /* AppDelegate.m */,
				95074A061AEEDF3500D9CF30 /* PageContentViewController.h */,
				95074A071AEEDF3500D9CF30 /* PageContentViewController.m */,
				95DA93A21A8F219200E006AD /* ViewController.h */,
				95DA93A31A8F219200E006AD /* ViewController.m */,
				95DA93A51A8F219200E006AD /* Main.storyboard */,
				957296B61A9695E200E8F3D4 /* CustomTableViewCell.h */,
				957296B71A9695E200E8F3D4 /* CustomTableViewCell.m */,
				95DA93D11A8FE8C200E006AD /* mainVC.h */,
				95DA93D21A8FE8C200E006AD /* mainVC.m */,
				95DDAD521ACD19E10049744A /* cardDetailVC.h */,
				95DDAD531ACD19E10049744A /* cardDetailVC.m */,
				95DA93CD1A8FE45D00E006AD /* rightVC.h */,
				95DA93CE1A8FE45D00E006AD /* rightVC.m */,
				957296B01A96482F00E8F3D4 /* leftVC.h */,
				957296B11A96482F00E8F3D4 /* leftVC.m */,
				959A276A1A9EECE40084F6F1 /* AVCamPreviewView.h */,
				959A276B1A9EECE40084F6F1 /* AVCamPreviewView.m */,
				95AE73A11ACB3A9E007FA382 /* sample1.jpg */,
				95DA93A81A8F219200E006AD /* Images.xcassets */,
				95DA939F1A8F219200E006AD /* MTG_Recognizer.xcdatamodeld */,
				95DA93981A8F219200E006AD /* Supporting Files */,
			);
			path = "MTG Recognizer";
			sourceTree = "<group>";
		};
		95DA93981A8F219200E006AD /* Supporting Files */ = {
			isa = PBXGroup;
			children = (
				95DA93991A8F219200E006AD /* Info.plist */,
				952040961AF26D09003374E5 /* LaunchScreen.xib */,
				95DA939A1A8F219200E006AD /* main.m */,
			);
			name = "Supporting Files";
			sourceTree = "<group>";
		};
		95DA93B41A8F219300E006AD /* MTG RecognizerTests */ = {
			isa = PBXGroup;
			children = (
				95DA93B71A8F219300E006AD /* MTG_RecognizerTests.m */,
				95DA93B51A8F219300E006AD /* Supporting Files */,
			);
			path = "MTG RecognizerTests";
			sourceTree = "<group>";
		};
		95DA93B51A8F219300E006AD /* Supporting Files */ = {
			isa = PBXGroup;
			children = (
				95DA93B61A8F219300E006AD /* Info.plist */,
			);
			name = "Supporting Files";
			sourceTree = "<group>";
		};
		D60C36A650B10DE5ADCCCBA1 /* Pods */ = {
			isa = PBXGroup;
			children = (
				6D253DCADF370F31B711AA62 /* Pods.debug.xcconfig */,
				01812EE5102F138C28A2B3B2 /* Pods.release.xcconfig */,
			);
			name = Pods;
			sourceTree = "<group>";
		};
/* End PBXGroup section */

/* Begin PBXNativeTarget section */
		95DA93941A8F219200E006AD /* MTG Recognizer */ = {
			isa = PBXNativeTarget;
			buildConfigurationList = 95DA93BB1A8F219300E006AD /* Build configuration list for PBXNativeTarget "MTG Recognizer" */;
			buildPhases = (
				31BF84D221A921A237361B11 /* Check Pods Manifest.lock */,
				95DA93911A8F219200E006AD /* Sources */,
				95DA93921A8F219200E006AD /* Frameworks */,
				95DA93931A8F219200E006AD /* Resources */,
				2159D3013C1AC84F6CD5ECCE /* Copy Pods Resources */,
			);
			buildRules = (
			);
			dependencies = (
			);
			name = "MTG Recognizer";
			productName = "MTG Recognizer";
			productReference = 95DA93951A8F219200E006AD /* MTG Recognizer.app */;
			productType = "com.apple.product-type.application";
		};
/* End PBXNativeTarget section */

/* Begin PBXProject section */
		95DA938D1A8F219200E006AD /* Project object */ = {
			isa = PBXProject;
			attributes = {
				LastUpgradeCheck = 0610;
				ORGANIZATIONNAME = "TTU Software Engineering";
				TargetAttributes = {
					95DA93941A8F219200E006AD = {
						CreatedOnToolsVersion = 6.1.1;
						DevelopmentTeam = 8UYXQCQT7A;
					};
				};
			};
			buildConfigurationList = 95DA93901A8F219200E006AD /* Build configuration list for PBXProject "MTG Recognizer" */;
			compatibilityVersion = "Xcode 3.2";
			developmentRegion = English;
			hasScannedForEncodings = 0;
			knownRegions = (
				en,
				Base,
			);
			mainGroup = 95DA938C1A8F219200E006AD;
			productRefGroup = 95DA93961A8F219200E006AD /* Products */;
			projectDirPath = "";
			projectRoot = "";
			targets = (
				95DA93941A8F219200E006AD /* MTG Recognizer */,
			);
		};
/* End PBXProject section */

/* Begin PBXResourcesBuildPhase section */
		95DA93931A8F219200E006AD /* Resources */ = {
			isa = PBXResourcesBuildPhase;
			buildActionMask = 2147483647;
			files = (
				952040971AF26D09003374E5 /* LaunchScreen.xib in Resources */,
				95DA93A71A8F219200E006AD /* Main.storyboard in Resources */,
				95F91E2D1ACA52FE00E90BE6 /* tessdata in Resources */,
				95AE73A21ACB3A9E007FA382 /* sample1.jpg in Resources */,
				95DA93A91A8F219200E006AD /* Images.xcassets in Resources */,
			);
			runOnlyForDeploymentPostprocessing = 0;
		};
/* End PBXResourcesBuildPhase section */

/* Begin PBXShellScriptBuildPhase section */
		2159D3013C1AC84F6CD5ECCE /* Copy Pods Resources */ = {
			isa = PBXShellScriptBuildPhase;
			buildActionMask = 2147483647;
			files = (
			);
			inputPaths = (
			);
			name = "Copy Pods Resources";
			outputPaths = (
			);
			runOnlyForDeploymentPostprocessing = 0;
			shellPath = /bin/sh;
			shellScript = "\"${SRCROOT}/Pods/Target Support Files/Pods/Pods-resources.sh\"\n";
			showEnvVarsInLog = 0;
		};
		31BF84D221A921A237361B11 /* Check Pods Manifest.lock */ = {
			isa = PBXShellScriptBuildPhase;
			buildActionMask = 2147483647;
			files = (
			);
			inputPaths = (
			);
			name = "Check Pods Manifest.lock";
			outputPaths = (
			);
			runOnlyForDeploymentPostprocessing = 0;
			shellPath = /bin/sh;
			shellScript = "diff \"${PODS_ROOT}/../Podfile.lock\" \"${PODS_ROOT}/Manifest.lock\" > /dev/null\nif [[ $? != 0 ]] ; then\n    cat << EOM\nerror: The sandbox is not in sync with the Podfile.lock. Run 'pod install' or update your CocoaPods installation.\nEOM\n    exit 1\nfi\n";
			showEnvVarsInLog = 0;
		};
/* End PBXShellScriptBuildPhase section */

/* Begin PBXSourcesBuildPhase section */
		95DA93911A8F219200E006AD /* Sources */ = {
			isa = PBXSourcesBuildPhase;
			buildActionMask = 2147483647;
			files = (
				95DA939E1A8F219200E006AD /* AppDelegate.m in Sources */,
				95DA93D31A8FE8C200E006AD /* mainVC.m in Sources */,
				95074A081AEEDF3500D9CF30 /* PageContentViewController.m in Sources */,
				95DA93A11A8F219200E006AD /* MTG_Recognizer.xcdatamodeld in Sources */,
				95DA93CF1A8FE45D00E006AD /* rightVC.m in Sources */,
				959A276C1A9EECE40084F6F1 /* AVCamPreviewView.m in Sources */,
				95DDAD541ACD19E10049744A /* cardDetailVC.m in Sources */,
				957296B81A9695E200E8F3D4 /* CustomTableViewCell.m in Sources */,
				95DA93A41A8F219200E006AD /* ViewController.m in Sources */,
				95DA939B1A8F219200E006AD /* main.m in Sources */,
				957296B21A96482F00E8F3D4 /* leftVC.m in Sources */,
			);
			runOnlyForDeploymentPostprocessing = 0;
		};
/* End PBXSourcesBuildPhase section */

/* Begin PBXVariantGroup section */
		95DA93A51A8F219200E006AD /* Main.storyboard */ = {
			isa = PBXVariantGroup;
			children = (
				95DA93A61A8F219200E006AD /* Base */,
			);
			name = Main.storyboard;
			sourceTree = "<group>";
		};
/* End PBXVariantGroup section */

/* Begin XCBuildConfiguration section */
		95DA93B91A8F219300E006AD /* Debug */ = {
			isa = XCBuildConfiguration;
			buildSettings = {
				ALWAYS_SEARCH_USER_PATHS = NO;
				CLANG_CXX_LANGUAGE_STANDARD = "gnu++0x";
				CLANG_CXX_LIBRARY = "libc++";
				CLANG_ENABLE_MODULES = YES;
				CLANG_ENABLE_OBJC_ARC = YES;
				CLANG_WARN_BOOL_CONVERSION = YES;
				CLANG_WARN_CONSTANT_CONVERSION = YES;
				CLANG_WARN_DIRECT_OBJC_ISA_USAGE = YES_ERROR;
				CLANG_WARN_EMPTY_BODY = YES;
				CLANG_WARN_ENUM_CONVERSION = YES;
				CLANG_WARN_INT_CONVERSION = YES;
				CLANG_WARN_OBJC_ROOT_CLASS = YES_ERROR;
				CLANG_WARN_UNREACHABLE_CODE = YES;
				CLANG_WARN__DUPLICATE_METHOD_MATCH = YES;
				"CODE_SIGN_IDENTITY[sdk=iphoneos*]" = "iPhone Developer";
				COPY_PHASE_STRIP = NO;
				ENABLE_STRICT_OBJC_MSGSEND = YES;
				GCC_C_LANGUAGE_STANDARD = gnu99;
				GCC_DYNAMIC_NO_PIC = NO;
				GCC_OPTIMIZATION_LEVEL = 0;
				GCC_PREPROCESSOR_DEFINITIONS = (
					"DEBUG=1",
					"$(inherited)",
				);
				GCC_SYMBOLS_PRIVATE_EXTERN = NO;
				GCC_WARN_64_TO_32_BIT_CONVERSION = YES;
				GCC_WARN_ABOUT_RETURN_TYPE = YES_ERROR;
				GCC_WARN_UNDECLARED_SELECTOR = YES;
				GCC_WARN_UNINITIALIZED_AUTOS = YES_AGGRESSIVE;
				GCC_WARN_UNUSED_FUNCTION = YES;
				GCC_WARN_UNUSED_VARIABLE = YES;
				IPHONEOS_DEPLOYMENT_TARGET = 8.1;
				MTL_ENABLE_DEBUG_INFO = YES;
				ONLY_ACTIVE_ARCH = YES;
				SDKROOT = iphoneos;
			};
			name = Debug;
		};
		95DA93BA1A8F219300E006AD /* Release */ = {
			isa = XCBuildConfiguration;
			buildSettings = {
				ALWAYS_SEARCH_USER_PATHS = NO;
				CLANG_CXX_LANGUAGE_STANDARD = "gnu++0x";
				CLANG_CXX_LIBRARY = "libc++";
				CLANG_ENABLE_MODULES = YES;
				CLANG_ENABLE_OBJC_ARC = YES;
				CLANG_WARN_BOOL_CONVERSION = YES;
				CLANG_WARN_CONSTANT_CONVERSION = YES;
				CLANG_WARN_DIRECT_OBJC_ISA_USAGE = YES_ERROR;
				CLANG_WARN_EMPTY_BODY = YES;
				CLANG_WARN_ENUM_CONVERSION = YES;
				CLANG_WARN_INT_CONVERSION = YES;
				CLANG_WARN_OBJC_ROOT_CLASS = YES_ERROR;
				CLANG_WARN_UNREACHABLE_CODE = YES;
				CLANG_WARN__DUPLICATE_METHOD_MATCH = YES;
				"CODE_SIGN_IDENTITY[sdk=iphoneos*]" = "iPhone Developer";
				COPY_PHASE_STRIP = YES;
				ENABLE_NS_ASSERTIONS = NO;
				ENABLE_STRICT_OBJC_MSGSEND = YES;
				GCC_C_LANGUAGE_STANDARD = gnu99;
				GCC_WARN_64_TO_32_BIT_CONVERSION = YES;
				GCC_WARN_ABOUT_RETURN_TYPE = YES_ERROR;
				GCC_WARN_UNDECLARED_SELECTOR = YES;
				GCC_WARN_UNINITIALIZED_AUTOS = YES_AGGRESSIVE;
				GCC_WARN_UNUSED_FUNCTION = YES;
				GCC_WARN_UNUSED_VARIABLE = YES;
				IPHONEOS_DEPLOYMENT_TARGET = 8.1;
				MTL_ENABLE_DEBUG_INFO = NO;
				SDKROOT = iphoneos;
				VALIDATE_PRODUCT = YES;
			};
			name = Release;
		};
		95DA93BC1A8F219300E006AD /* Debug */ = {
			isa = XCBuildConfiguration;
			baseConfigurationReference = 6D253DCADF370F31B711AA62 /* Pods.debug.xcconfig */;
			buildSettings = {
				ASSETCATALOG_COMPILER_APPICON_NAME = AppIcon;
				CODE_SIGN_IDENTITY = "iPhone Developer";
				"CODE_SIGN_IDENTITY[sdk=iphoneos*]" = "iPhone Developer";
				FRAMEWORK_SEARCH_PATHS = (
					"$(inherited)",
					"$(PROJECT_DIR)",
				);
				INFOPLIST_FILE = "MTG Recognizer/Info.plist";
				LD_RUNPATH_SEARCH_PATHS = "$(inherited) @executable_path/Frameworks";
				LIBRARY_SEARCH_PATHS = (
					"$(inherited)",
					"$(PROJECT_DIR)/Pods/TesseractOCRiOS/TesseractOCR/lib",
				);
				PRODUCT_NAME = "$(TARGET_NAME)";
				PROVISIONING_PROFILE = "";
			};
			name = Debug;
		};
		95DA93BD1A8F219300E006AD /* Release */ = {
			isa = XCBuildConfiguration;
			baseConfigurationReference = 01812EE5102F138C28A2B3B2 /* Pods.release.xcconfig */;
			buildSettings = {
				ASSETCATALOG_COMPILER_APPICON_NAME = AppIcon;
				CODE_SIGN_IDENTITY = "iPhone Developer";
				"CODE_SIGN_IDENTITY[sdk=iphoneos*]" = "iPhone Developer";
				FRAMEWORK_SEARCH_PATHS = (
					"$(inherited)",
					"$(PROJECT_DIR)",
				);
				INFOPLIST_FILE = "MTG Recognizer/Info.plist";
				LD_RUNPATH_SEARCH_PATHS = "$(inherited) @executable_path/Frameworks";
				LIBRARY_SEARCH_PATHS = (
					"$(inherited)",
					"$(PROJECT_DIR)/Pods/TesseractOCRiOS/TesseractOCR/lib",
				);
				PRODUCT_NAME = "$(TARGET_NAME)";
				PROVISIONING_PROFILE = "";
			};
			name = Release;
		};
/* End XCBuildConfiguration section */

/* Begin XCConfigurationList section */
		95DA93901A8F219200E006AD /* Build configuration list for PBXProject "MTG Recognizer" */ = {
			isa = XCConfigurationList;
			buildConfigurations = (
				95DA93B91A8F219300E006AD /* Debug */,
				95DA93BA1A8F219300E006AD /* Release */,
			);
			defaultConfigurationIsVisible = 0;
			defaultConfigurationName = Release;
		};
		95DA93BB1A8F219300E006AD /* Build configuration list for PBXNativeTarget "MTG Recognizer" */ = {
			isa = XCConfigurationList;
			buildConfigurations = (
				95DA93BC1A8F219300E006AD /* Debug */,
				95DA93BD1A8F219300E006AD /* Release */,
			);
			defaultConfigurationIsVisible = 0;
			defaultConfigurationName = Release;
		};
/* End XCConfigurationList section */

/* Begin XCVersionGroup section */
		95DA939F1A8F219200E006AD /* MTG_Recognizer.xcdatamodeld */ = {
			isa = XCVersionGroup;
			children = (
				95DA93A01A8F219200E006AD /* MTG_Recognizer.xcdatamodel */,
			);
			currentVersion = 95DA93A01A8F219200E006AD /* MTG_Recognizer.xcdatamodel */;
			path = MTG_Recognizer.xcdatamodeld;
			sourceTree = "<group>";
			versionGroupType = wrapper.xcdatamodel;
		};
/* End XCVersionGroup section */
	};
	rootObject = 95DA938D1A8F219200E006AD /* Project object */;
}
